
Microsoft Visual Studio Solution File, Format Version 12.00
# Visual Studio Version 17
VisualStudioVersion = 17.7.34018.315
MinimumVisualStudioVersion = 10.0.40219.1
Project("{FAE04EC0-301F-11D3-BF4B-00C04F79EFBC}") = "Uppgift 5.6", "Uppgift 5.6\Uppgift 5.6.csproj", "{2663BBB5-F859-4158-9A76-DDD358C42128}"
EndProject
Global
	GlobalSection(SolutionConfigurationPlatforms) = preSolution
		Debug|Any CPU = Debug|Any CPU
		Release|Any CPU = Release|Any CPU
	EndGlobalSection
	GlobalSection(ProjectConfigurationPlatforms) = postSolution
		{2663BBB5-F859-4158-9A76-DDD358C42128}.Debug|Any CPU.ActiveCfg = Debug|Any CPU
		{2663BBB5-F859-4158-9A76-DDD358C42128}.Debug|Any CPU.Build.0 = Debug|Any CPU
		{2663BBB5-F859-4158-9A76-DDD358C42128}.Release|Any CPU.ActiveCfg = Release|Any CPU
		{2663BBB5-F859-4158-9A76-DDD358C42128}.Release|Any CPU.Build.0 = Release|Any CPU
	EndGlobalSection
	GlobalSection(SolutionProperties) = preSolution
		HideSolutionNode = FALSE
	EndGlobalSection
	GlobalSection(ExtensibilityGlobals) = postSolution
		SolutionGuid = {3640E0AB-B857-4ED6-8B3E-17B0A75D0194}
	EndGlobalSection
EndGlobal
